
Microsoft Visual Studio Solution File, Format Version 12.00
# Visual Studio Version 17
VisualStudioVersion = 17.6.33417.168
MinimumVisualStudioVersion = 10.0.40219.1
Project("{9A19103F-16F7-4668-BE54-9A1E7A4F7556}") = "Infor.HammPdfReading", "HammPdfReading\Infor.HammPdfReading.csproj", "{7CC7E18B-AAE8-455C-9EB2-129A767740B6}"
EndProject
Project("{9A19103F-16F7-4668-BE54-9A1E7A4F7556}") = "Test", "Test\Test.csproj", "{DA268BE0-AB41-4555-876F-114C53DDEAC9}"
EndProject
Project("{9A19103F-16F7-4668-BE54-9A1E7A4F7556}") = "Test02", "Test02\Test02.csproj", "{6877E2C2-0671-44D8-BE85-956B3A5CE40E}"
EndProject
Project("{9A19103F-16F7-4668-BE54-9A1E7A4F7556}") = "Infor.HammPdfReading.Sqlite", "HammPdfReading.Sqlite\Infor.HammPdfReading.Sqlite.csproj", "{83744277-0113-4B99-9D34-E2A9B84E8612}"
EndProject
Project("{9A19103F-16F7-4668-BE54-9A1E7A4F7556}") = "Test03", "Test03\Test03.csproj", "{12EBDCFE-E465-4B2B-BF62-B534D1E64BCD}"
EndProject
Project("{9A19103F-16F7-4668-BE54-9A1E7A4F7556}") = "Test04", "Test04\Test04.csproj", "{8FE8476F-1E92-40DF-8A25-152D5C4B9934}"
EndProject
Project("{9A19103F-16F7-4668-BE54-9A1E7A4F7556}") = "Infor.HammPdfReading.Csv", "HammPdfReading.Csv\Infor.HammPdfReading.Csv.csproj", "{4E05A87D-6C14-4A50-AFA3-2EC20C83DCDF}"
EndProject
Project("{9A19103F-16F7-4668-BE54-9A1E7A4F7556}") = "Test06", "Test06\Test06.csproj", "{C8FF7489-2F64-42BD-AE03-D1D49E4E0D6B}"
EndProject
Project("{9A19103F-16F7-4668-BE54-9A1E7A4F7556}") = "Test07", "Test07\Test07.csproj", "{58776D71-5363-43B3-8047-BB375DCD0DDF}"
EndProject
Project("{2150E333-8FDC-42A3-9474-1A3956D46DE8}") = "Элементы решения", "Элементы решения", "{893878F4-C016-44C9-B7E8-8C240B400218}"
	ProjectSection(SolutionItems) = preProject
		lidl jira.txt = lidl jira.txt
		readme.md = readme.md
	EndProjectSection
EndProject
Project("{9A19103F-16F7-4668-BE54-9A1E7A4F7556}") = "Infor.HammPdfReading.Gui", "HammPdfReading.Gui\Infor.HammPdfReading.Gui.csproj", "{130C3DFC-6318-4118-893B-F22179C13C6B}"
EndProject
Project("{9A19103F-16F7-4668-BE54-9A1E7A4F7556}") = "Infor.HammPdfReading.Gui.Form", "HammPdfReading.Gui.Form\Infor.HammPdfReading.Gui.Form.csproj", "{288F094C-6F88-47DA-86C6-C4E65E295ADA}"
EndProject
Project("{9A19103F-16F7-4668-BE54-9A1E7A4F7556}") = "Infor.HammPdfReading.Cli", "HammPdfReading.Cli\Infor.HammPdfReading.Cli.csproj", "{CDDCBF42-4DEE-4880-81F8-D168BEE6C8DD}"
EndProject
Project("{9A19103F-16F7-4668-BE54-9A1E7A4F7556}") = "Infor.HammPdfReading.Testing", "Infor.HammPdfReading.Testing.Image\Infor.HammPdfReading.Testing.csproj", "{39C3A461-29D3-4534-8831-C9D942E311CF}"
EndProject
Project("{9A19103F-16F7-4668-BE54-9A1E7A4F7556}") = "Infor.HammPdfReading.WebApi", "Infor.HammPdfReading.WebApi\Infor.HammPdfReading.WebApi.csproj", "{E95D2F73-E3D8-4B1A-A7BF-E76ABDBE18CE}"
EndProject
Project("{2150E333-8FDC-42A3-9474-1A3956D46DE8}") = "docs", "docs", "{65AC4E79-D340-49C7-B265-9D351C8BBF38}"
	ProjectSection(SolutionItems) = preProject
		функционал.md = функционал.md
	EndProjectSection
EndProject
Global
	GlobalSection(SolutionConfigurationPlatforms) = preSolution
		Debug|Any CPU = Debug|Any CPU
		Release|Any CPU = Release|Any CPU
	EndGlobalSection
	GlobalSection(ProjectConfigurationPlatforms) = postSolution
		{7CC7E18B-AAE8-455C-9EB2-129A767740B6}.Debug|Any CPU.ActiveCfg = Debug|Any CPU
		{7CC7E18B-AAE8-455C-9EB2-129A767740B6}.Debug|Any CPU.Build.0 = Debug|Any CPU
		{7CC7E18B-AAE8-455C-9EB2-129A767740B6}.Release|Any CPU.ActiveCfg = Release|Any CPU
		{7CC7E18B-AAE8-455C-9EB2-129A767740B6}.Release|Any CPU.Build.0 = Release|Any CPU
		{DA268BE0-AB41-4555-876F-114C53DDEAC9}.Debug|Any CPU.ActiveCfg = Debug|Any CPU
		{DA268BE0-AB41-4555-876F-114C53DDEAC9}.Debug|Any CPU.Build.0 = Debug|Any CPU
		{DA268BE0-AB41-4555-876F-114C53DDEAC9}.Release|Any CPU.ActiveCfg = Release|Any CPU
		{DA268BE0-AB41-4555-876F-114C53DDEAC9}.Release|Any CPU.Build.0 = Release|Any CPU
		{6877E2C2-0671-44D8-BE85-956B3A5CE40E}.Debug|Any CPU.ActiveCfg = Debug|Any CPU
		{6877E2C2-0671-44D8-BE85-956B3A5CE40E}.Debug|Any CPU.Build.0 = Debug|Any CPU
		{6877E2C2-0671-44D8-BE85-956B3A5CE40E}.Release|Any CPU.ActiveCfg = Release|Any CPU
		{6877E2C2-0671-44D8-BE85-956B3A5CE40E}.Release|Any CPU.Build.0 = Release|Any CPU
		{83744277-0113-4B99-9D34-E2A9B84E8612}.Debug|Any CPU.ActiveCfg = Debug|Any CPU
		{83744277-0113-4B99-9D34-E2A9B84E8612}.Debug|Any CPU.Build.0 = Debug|Any CPU
		{83744277-0113-4B99-9D34-E2A9B84E8612}.Release|Any CPU.ActiveCfg = Release|Any CPU
		{83744277-0113-4B99-9D34-E2A9B84E8612}.Release|Any CPU.Build.0 = Release|Any CPU
		{12EBDCFE-E465-4B2B-BF62-B534D1E64BCD}.Debug|Any CPU.ActiveCfg = Debug|Any CPU
		{12EBDCFE-E465-4B2B-BF62-B534D1E64BCD}.Debug|Any CPU.Build.0 = Debug|Any CPU
		{12EBDCFE-E465-4B2B-BF62-B534D1E64BCD}.Release|Any CPU.ActiveCfg = Release|Any CPU
		{12EBDCFE-E465-4B2B-BF62-B534D1E64BCD}.Release|Any CPU.Build.0 = Release|Any CPU
		{8FE8476F-1E92-40DF-8A25-152D5C4B9934}.Debug|Any CPU.ActiveCfg = Debug|Any CPU
		{8FE8476F-1E92-40DF-8A25-152D5C4B9934}.Debug|Any CPU.Build.0 = Debug|Any CPU
		{8FE8476F-1E92-40DF-8A25-152D5C4B9934}.Release|Any CPU.ActiveCfg = Release|Any CPU
		{8FE8476F-1E92-40DF-8A25-152D5C4B9934}.Release|Any CPU.Build.0 = Release|Any CPU
		{4E05A87D-6C14-4A50-AFA3-2EC20C83DCDF}.Debug|Any CPU.ActiveCfg = Debug|Any CPU
		{4E05A87D-6C14-4A50-AFA3-2EC20C83DCDF}.Debug|Any CPU.Build.0 = Debug|Any CPU
		{4E05A87D-6C14-4A50-AFA3-2EC20C83DCDF}.Release|Any CPU.ActiveCfg = Release|Any CPU
		{4E05A87D-6C14-4A50-AFA3-2EC20C83DCDF}.Release|Any CPU.Build.0 = Release|Any CPU
		{C8FF7489-2F64-42BD-AE03-D1D49E4E0D6B}.Debug|Any CPU.ActiveCfg = Debug|Any CPU
		{C8FF7489-2F64-42BD-AE03-D1D49E4E0D6B}.Debug|Any CPU.Build.0 = Debug|Any CPU
		{C8FF7489-2F64-42BD-AE03-D1D49E4E0D6B}.Release|Any CPU.ActiveCfg = Release|Any CPU
		{C8FF7489-2F64-42BD-AE03-D1D49E4E0D6B}.Release|Any CPU.Build.0 = Release|Any CPU
		{58776D71-5363-43B3-8047-BB375DCD0DDF}.Debug|Any CPU.ActiveCfg = Debug|Any CPU
		{58776D71-5363-43B3-8047-BB375DCD0DDF}.Debug|Any CPU.Build.0 = Debug|Any CPU
		{58776D71-5363-43B3-8047-BB375DCD0DDF}.Release|Any CPU.ActiveCfg = Release|Any CPU
		{58776D71-5363-43B3-8047-BB375DCD0DDF}.Release|Any CPU.Build.0 = Release|Any CPU
		{130C3DFC-6318-4118-893B-F22179C13C6B}.Debug|Any CPU.ActiveCfg = Debug|Any CPU
		{130C3DFC-6318-4118-893B-F22179C13C6B}.Debug|Any CPU.Build.0 = Debug|Any CPU
		{130C3DFC-6318-4118-893B-F22179C13C6B}.Release|Any CPU.ActiveCfg = Release|Any CPU
		{130C3DFC-6318-4118-893B-F22179C13C6B}.Release|Any CPU.Build.0 = Release|Any CPU
		{288F094C-6F88-47DA-86C6-C4E65E295ADA}.Debug|Any CPU.ActiveCfg = Debug|Any CPU
		{288F094C-6F88-47DA-86C6-C4E65E295ADA}.Debug|Any CPU.Build.0 = Debug|Any CPU
		{288F094C-6F88-47DA-86C6-C4E65E295ADA}.Release|Any CPU.ActiveCfg = Release|Any CPU
		{288F094C-6F88-47DA-86C6-C4E65E295ADA}.Release|Any CPU.Build.0 = Release|Any CPU
		{CDDCBF42-4DEE-4880-81F8-D168BEE6C8DD}.Debug|Any CPU.ActiveCfg = Debug|Any CPU
		{CDDCBF42-4DEE-4880-81F8-D168BEE6C8DD}.Debug|Any CPU.Build.0 = Debug|Any CPU
		{CDDCBF42-4DEE-4880-81F8-D168BEE6C8DD}.Release|Any CPU.ActiveCfg = Release|Any CPU
		{CDDCBF42-4DEE-4880-81F8-D168BEE6C8DD}.Release|Any CPU.Build.0 = Release|Any CPU
		{39C3A461-29D3-4534-8831-C9D942E311CF}.Debug|Any CPU.ActiveCfg = Debug|Any CPU
		{39C3A461-29D3-4534-8831-C9D942E311CF}.Debug|Any CPU.Build.0 = Debug|Any CPU
		{39C3A461-29D3-4534-8831-C9D942E311CF}.Release|Any CPU.ActiveCfg = Release|Any CPU
		{39C3A461-29D3-4534-8831-C9D942E311CF}.Release|Any CPU.Build.0 = Release|Any CPU
		{E95D2F73-E3D8-4B1A-A7BF-E76ABDBE18CE}.Debug|Any CPU.ActiveCfg = Debug|Any CPU
		{E95D2F73-E3D8-4B1A-A7BF-E76ABDBE18CE}.Debug|Any CPU.Build.0 = Debug|Any CPU
		{E95D2F73-E3D8-4B1A-A7BF-E76ABDBE18CE}.Release|Any CPU.ActiveCfg = Release|Any CPU
		{E95D2F73-E3D8-4B1A-A7BF-E76ABDBE18CE}.Release|Any CPU.Build.0 = Release|Any CPU
	EndGlobalSection
	GlobalSection(SolutionProperties) = preSolution
		HideSolutionNode = FALSE
	EndGlobalSection
	GlobalSection(ExtensibilityGlobals) = postSolution
		SolutionGuid = {8C222F22-FF98-47BB-AD6D-74D93AB11E13}
	EndGlobalSection
EndGlobal
